// !$*UTF8*$!
{
	archiveVersion = 1;
	classes = {
	};
	objectVersion = 46;
	objects = {

/* Begin PBXBuildFile section */
		42F71DC617599B1300D180F4 /* NSString+FDDPAdditions.m in Sources */ = {isa = PBXBuildFile; fileRef = 42F71DC517599B1300D180F4 /* NSString+FDDPAdditions.m */; };
		990A777C172DF7D200DB1600 /* UIKit.framework in Frameworks */ = {isa = PBXBuildFile; fileRef = 990A777B172DF7D200DB1600 /* UIKit.framework */; };
		990A777E172DF7D200DB1600 /* Foundation.framework in Frameworks */ = {isa = PBXBuildFile; fileRef = 990A777D172DF7D200DB1600 /* Foundation.framework */; };
		990A7780172DF7D200DB1600 /* CoreGraphics.framework in Frameworks */ = {isa = PBXBuildFile; fileRef = 990A777F172DF7D200DB1600 /* CoreGraphics.framework */; };
		990A7786172DF7D200DB1600 /* InfoPlist.strings in Resources */ = {isa = PBXBuildFile; fileRef = 990A7784172DF7D200DB1600 /* InfoPlist.strings */; };
		990A7788172DF7D200DB1600 /* main.m in Sources */ = {isa = PBXBuildFile; fileRef = 990A7787172DF7D200DB1600 /* main.m */; };
		990A778C172DF7D200DB1600 /* FDDPAppDelegate.m in Sources */ = {isa = PBXBuildFile; fileRef = 990A778B172DF7D200DB1600 /* FDDPAppDelegate.m */; };
		990A778E172DF7D200DB1600 /* Default.png in Resources */ = {isa = PBXBuildFile; fileRef = 990A778D172DF7D200DB1600 /* Default.png */; };
		990A7790172DF7D200DB1600 /* Default@2x.png in Resources */ = {isa = PBXBuildFile; fileRef = 990A778F172DF7D200DB1600 /* Default@2x.png */; };
		990A7792172DF7D200DB1600 /* Default-568h@2x.png in Resources */ = {isa = PBXBuildFile; fileRef = 990A7791172DF7D200DB1600 /* Default-568h@2x.png */; };
		9917D61D1759B67700B6FF1C /* FDDPWebServicesManager.m in Sources */ = {isa = PBXBuildFile; fileRef = 9917D61C1759B67700B6FF1C /* FDDPWebServicesManager.m */; };
		9921C3C11756F3B900D0FC02 /* FDDPAdminViewController.m in Sources */ = {isa = PBXBuildFile; fileRef = 9921C3BF1756F3B900D0FC02 /* FDDPAdminViewController.m */; };
		9921C3C21756F3B900D0FC02 /* FDDPAdminViewController.xib in Resources */ = {isa = PBXBuildFile; fileRef = 9921C3C01756F3B900D0FC02 /* FDDPAdminViewController.xib */; };
		9921C3C61759A38600D0FC02 /* FDDPOrderViewController.m in Sources */ = {isa = PBXBuildFile; fileRef = 9921C3C41759A38600D0FC02 /* FDDPOrderViewController.m */; };
		9921C3C71759A38600D0FC02 /* FDDPOrderViewController.xib in Resources */ = {isa = PBXBuildFile; fileRef = 9921C3C51759A38600D0FC02 /* FDDPOrderViewController.xib */; };
		9921C3CB1759A3A000D0FC02 /* FDDPOrderEditorViewController.m in Sources */ = {isa = PBXBuildFile; fileRef = 9921C3C91759A3A000D0FC02 /* FDDPOrderEditorViewController.m */; };
		9921C3CC1759A3A000D0FC02 /* FDDPOrderEditorViewController.xib in Resources */ = {isa = PBXBuildFile; fileRef = 9921C3CA1759A3A000D0FC02 /* FDDPOrderEditorViewController.xib */; };
		9921C3D01759A3C000D0FC02 /* FDDPMealEditorViewController.m in Sources */ = {isa = PBXBuildFile; fileRef = 9921C3CE1759A3C000D0FC02 /* FDDPMealEditorViewController.m */; };
		9921C3D11759A3C000D0FC02 /* FDDPMealEditorViewController.xib in Resources */ = {isa = PBXBuildFile; fileRef = 9921C3CF1759A3C000D0FC02 /* FDDPMealEditorViewController.xib */; };
		9921C3D51759A3E100D0FC02 /* FDDPItemChooserViewController.m in Sources */ = {isa = PBXBuildFile; fileRef = 9921C3D31759A3E100D0FC02 /* FDDPItemChooserViewController.m */; };
		9921C3D61759A3E100D0FC02 /* FDDPItemChooserViewController.xib in Resources */ = {isa = PBXBuildFile; fileRef = 9921C3D41759A3E100D0FC02 /* FDDPItemChooserViewController.xib */; };
		9921C3DA1759A42600D0FC02 /* FDDPItemEditorViewController.m in Sources */ = {isa = PBXBuildFile; fileRef = 9921C3D81759A42500D0FC02 /* FDDPItemEditorViewController.m */; };
		9921C3DB1759A42600D0FC02 /* FDDPItemEditorViewController.xib in Resources */ = {isa = PBXBuildFile; fileRef = 9921C3D91759A42600D0FC02 /* FDDPItemEditorViewController.xib */; };
		9925F1551739DED800070080 /* FDDPItem.m in Sources */ = {isa = PBXBuildFile; fileRef = 9925F1541739DED800070080 /* FDDPItem.m */; };
		9925F1581739DEEB00070080 /* FDDPMeal.m in Sources */ = {isa = PBXBuildFile; fileRef = 9925F1571739DEEB00070080 /* FDDPMeal.m */; };
		9925F15B1739DEFA00070080 /* FDDPOrder.m in Sources */ = {isa = PBXBuildFile; fileRef = 9925F15A1739DEFA00070080 /* FDDPOrder.m */; };
		9925F15E1739DF0C00070080 /* FDDPUser.m in Sources */ = {isa = PBXBuildFile; fileRef = 9925F15D1739DF0C00070080 /* FDDPUser.m */; };
		9925F1611739DF1E00070080 /* FDDPClient.m in Sources */ = {isa = PBXBuildFile; fileRef = 9925F1601739DF1E00070080 /* FDDPClient.m */; };
		99963710174C5750005FC93C /* FDDPUserInfoViewController.m in Sources */ = {isa = PBXBuildFile; fileRef = 9996370E174C574F005FC93C /* FDDPUserInfoViewController.m */; };
		99963711174C5750005FC93C /* FDDPUserInfoViewController.xib in Resources */ = {isa = PBXBuildFile; fileRef = 9996370F174C574F005FC93C /* FDDPUserInfoViewController.xib */; };
		99963715174C57B5005FC93C /* FDDPRegistryViewController.m in Sources */ = {isa = PBXBuildFile; fileRef = 99963713174C57B5005FC93C /* FDDPRegistryViewController.m */; };
		99963716174C57B5005FC93C /* FDDPRegistryViewController.xib in Resources */ = {isa = PBXBuildFile; fileRef = 99963714174C57B5005FC93C /* FDDPRegistryViewController.xib */; };
		99A4CF0317473494000FED65 /* FDDPLoginViewController.m in Sources */ = {isa = PBXBuildFile; fileRef = 99A4CF0117473494000FED65 /* FDDPLoginViewController.m */; };
		99A4CF0417473494000FED65 /* FDDPLoginViewController.xib in Resources */ = {isa = PBXBuildFile; fileRef = 99A4CF0217473494000FED65 /* FDDPLoginViewController.xib */; };
		99A4CF0717473C41000FED65 /* FDDPAuthenticationManager.m in Sources */ = {isa = PBXBuildFile; fileRef = 99A4CF0617473C41000FED65 /* FDDPAuthenticationManager.m */; };
/* End PBXBuildFile section */

/* Begin PBXFileReference section */
		42F71DC417599B1300D180F4 /* NSString+FDDPAdditions.h */ = {isa = PBXFileReference; fileEncoding = 4; lastKnownFileType = sourcecode.c.h; path = "NSString+FDDPAdditions.h"; sourceTree = "<group>"; };
		42F71DC517599B1300D180F4 /* NSString+FDDPAdditions.m */ = {isa = PBXFileReference; fileEncoding = 4; lastKnownFileType = sourcecode.c.objc; path = "NSString+FDDPAdditions.m"; sourceTree = "<group>"; };
		990A7778172DF7D200DB1600 /* FondaDeDonPanchito.app */ = {isa = PBXFileReference; explicitFileType = wrapper.application; includeInIndex = 0; path = FondaDeDonPanchito.app; sourceTree = BUILT_PRODUCTS_DIR; };
		990A777B172DF7D200DB1600 /* UIKit.framework */ = {isa = PBXFileReference; lastKnownFileType = wrapper.framework; name = UIKit.framework; path = System/Library/Frameworks/UIKit.framework; sourceTree = SDKROOT; };
		990A777D172DF7D200DB1600 /* Foundation.framework */ = {isa = PBXFileReference; lastKnownFileType = wrapper.framework; name = Foundation.framework; path = System/Library/Frameworks/Foundation.framework; sourceTree = SDKROOT; };
		990A777F172DF7D200DB1600 /* CoreGraphics.framework */ = {isa = PBXFileReference; lastKnownFileType = wrapper.framework; name = CoreGraphics.framework; path = System/Library/Frameworks/CoreGraphics.framework; sourceTree = SDKROOT; };
		990A7783172DF7D200DB1600 /* FondaDeDonPanchito-Info.plist */ = {isa = PBXFileReference; lastKnownFileType = text.plist.xml; path = "FondaDeDonPanchito-Info.plist"; sourceTree = "<group>"; };
		990A7785172DF7D200DB1600 /* en */ = {isa = PBXFileReference; lastKnownFileType = text.plist.strings; name = en; path = en.lproj/InfoPlist.strings; sourceTree = "<group>"; };
		990A7787172DF7D200DB1600 /* main.m */ = {isa = PBXFileReference; lastKnownFileType = sourcecode.c.objc; path = main.m; sourceTree = "<group>"; };
		990A7789172DF7D200DB1600 /* FondaDeDonPanchito-Prefix.pch */ = {isa = PBXFileReference; lastKnownFileType = sourcecode.c.h; path = "FondaDeDonPanchito-Prefix.pch"; sourceTree = "<group>"; };
		990A778A172DF7D200DB1600 /* FDDPAppDelegate.h */ = {isa = PBXFileReference; lastKnownFileType = sourcecode.c.h; path = FDDPAppDelegate.h; sourceTree = "<group>"; };
		990A778B172DF7D200DB1600 /* FDDPAppDelegate.m */ = {isa = PBXFileReference; lastKnownFileType = sourcecode.c.objc; path = FDDPAppDelegate.m; sourceTree = "<group>"; };
		990A778D172DF7D200DB1600 /* Default.png */ = {isa = PBXFileReference; lastKnownFileType = image.png; path = Default.png; sourceTree = "<group>"; };
		990A778F172DF7D200DB1600 /* Default@2x.png */ = {isa = PBXFileReference; lastKnownFileType = image.png; path = "Default@2x.png"; sourceTree = "<group>"; };
		990A7791172DF7D200DB1600 /* Default-568h@2x.png */ = {isa = PBXFileReference; lastKnownFileType = image.png; path = "Default-568h@2x.png"; sourceTree = "<group>"; };
		9917D61B1759B67700B6FF1C /* FDDPWebServicesManager.h */ = {isa = PBXFileReference; fileEncoding = 4; lastKnownFileType = sourcecode.c.h; path = FDDPWebServicesManager.h; sourceTree = "<group>"; };
		9917D61C1759B67700B6FF1C /* FDDPWebServicesManager.m */ = {isa = PBXFileReference; fileEncoding = 4; lastKnownFileType = sourcecode.c.objc; path = FDDPWebServicesManager.m; sourceTree = "<group>"; };
		9921C3BE1756F3B900D0FC02 /* FDDPAdminViewController.h */ = {isa = PBXFileReference; fileEncoding = 4; lastKnownFileType = sourcecode.c.h; path = FDDPAdminViewController.h; sourceTree = "<group>"; };
		9921C3BF1756F3B900D0FC02 /* FDDPAdminViewController.m */ = {isa = PBXFileReference; fileEncoding = 4; lastKnownFileType = sourcecode.c.objc; path = FDDPAdminViewController.m; sourceTree = "<group>"; };
		9921C3C01756F3B900D0FC02 /* FDDPAdminViewController.xib */ = {isa = PBXFileReference; fileEncoding = 4; lastKnownFileType = file.xib; path = FDDPAdminViewController.xib; sourceTree = "<group>"; };
		9921C3C31759A38600D0FC02 /* FDDPOrderViewController.h */ = {isa = PBXFileReference; fileEncoding = 4; lastKnownFileType = sourcecode.c.h; path = FDDPOrderViewController.h; sourceTree = "<group>"; };
		9921C3C41759A38600D0FC02 /* FDDPOrderViewController.m */ = {isa = PBXFileReference; fileEncoding = 4; lastKnownFileType = sourcecode.c.objc; path = FDDPOrderViewController.m; sourceTree = "<group>"; };
		9921C3C51759A38600D0FC02 /* FDDPOrderViewController.xib */ = {isa = PBXFileReference; fileEncoding = 4; lastKnownFileType = file.xib; path = FDDPOrderViewController.xib; sourceTree = "<group>"; };
		9921C3C81759A39F00D0FC02 /* FDDPOrderEditorViewController.h */ = {isa = PBXFileReference; fileEncoding = 4; lastKnownFileType = sourcecode.c.h; path = FDDPOrderEditorViewController.h; sourceTree = "<group>"; };
		9921C3C91759A3A000D0FC02 /* FDDPOrderEditorViewController.m */ = {isa = PBXFileReference; fileEncoding = 4; lastKnownFileType = sourcecode.c.objc; path = FDDPOrderEditorViewController.m; sourceTree = "<group>"; };
		9921C3CA1759A3A000D0FC02 /* FDDPOrderEditorViewController.xib */ = {isa = PBXFileReference; fileEncoding = 4; lastKnownFileType = file.xib; path = FDDPOrderEditorViewController.xib; sourceTree = "<group>"; };
		9921C3CD1759A3C000D0FC02 /* FDDPMealEditorViewController.h */ = {isa = PBXFileReference; fileEncoding = 4; lastKnownFileType = sourcecode.c.h; path = FDDPMealEditorViewController.h; sourceTree = "<group>"; };
		9921C3CE1759A3C000D0FC02 /* FDDPMealEditorViewController.m */ = {isa = PBXFileReference; fileEncoding = 4; lastKnownFileType = sourcecode.c.objc; path = FDDPMealEditorViewController.m; sourceTree = "<group>"; };
		9921C3CF1759A3C000D0FC02 /* FDDPMealEditorViewController.xib */ = {isa = PBXFileReference; fileEncoding = 4; lastKnownFileType = file.xib; path = FDDPMealEditorViewController.xib; sourceTree = "<group>"; };
		9921C3D21759A3E100D0FC02 /* FDDPItemChooserViewController.h */ = {isa = PBXFileReference; fileEncoding = 4; lastKnownFileType = sourcecode.c.h; path = FDDPItemChooserViewController.h; sourceTree = "<group>"; };
		9921C3D31759A3E100D0FC02 /* FDDPItemChooserViewController.m */ = {isa = PBXFileReference; fileEncoding = 4; lastKnownFileType = sourcecode.c.objc; path = FDDPItemChooserViewController.m; sourceTree = "<group>"; };
		9921C3D41759A3E100D0FC02 /* FDDPItemChooserViewController.xib */ = {isa = PBXFileReference; fileEncoding = 4; lastKnownFileType = file.xib; path = FDDPItemChooserViewController.xib; sourceTree = "<group>"; };
		9921C3D71759A42500D0FC02 /* FDDPItemEditorViewController.h */ = {isa = PBXFileReference; fileEncoding = 4; lastKnownFileType = sourcecode.c.h; path = FDDPItemEditorViewController.h; sourceTree = "<group>"; };
		9921C3D81759A42500D0FC02 /* FDDPItemEditorViewController.m */ = {isa = PBXFileReference; fileEncoding = 4; lastKnownFileType = sourcecode.c.objc; path = FDDPItemEditorViewController.m; sourceTree = "<group>"; };
		9921C3D91759A42600D0FC02 /* FDDPItemEditorViewController.xib */ = {isa = PBXFileReference; fileEncoding = 4; lastKnownFileType = file.xib; path = FDDPItemEditorViewController.xib; sourceTree = "<group>"; };
		9925F1531739DED800070080 /* FDDPItem.h */ = {isa = PBXFileReference; fileEncoding = 4; lastKnownFileType = sourcecode.c.h; path = FDDPItem.h; sourceTree = "<group>"; };
		9925F1541739DED800070080 /* FDDPItem.m */ = {isa = PBXFileReference; fileEncoding = 4; lastKnownFileType = sourcecode.c.objc; path = FDDPItem.m; sourceTree = "<group>"; };
		9925F1561739DEEB00070080 /* FDDPMeal.h */ = {isa = PBXFileReference; fileEncoding = 4; lastKnownFileType = sourcecode.c.h; path = FDDPMeal.h; sourceTree = "<group>"; };
		9925F1571739DEEB00070080 /* FDDPMeal.m */ = {isa = PBXFileReference; fileEncoding = 4; lastKnownFileType = sourcecode.c.objc; path = FDDPMeal.m; sourceTree = "<group>"; };
		9925F1591739DEFA00070080 /* FDDPOrder.h */ = {isa = PBXFileReference; fileEncoding = 4; lastKnownFileType = sourcecode.c.h; path = FDDPOrder.h; sourceTree = "<group>"; };
		9925F15A1739DEFA00070080 /* FDDPOrder.m */ = {isa = PBXFileReference; fileEncoding = 4; lastKnownFileType = sourcecode.c.objc; path = FDDPOrder.m; sourceTree = "<group>"; };
		9925F15C1739DF0C00070080 /* FDDPUser.h */ = {isa = PBXFileReference; fileEncoding = 4; lastKnownFileType = sourcecode.c.h; path = FDDPUser.h; sourceTree = "<group>"; };
		9925F15D1739DF0C00070080 /* FDDPUser.m */ = {isa = PBXFileReference; fileEncoding = 4; lastKnownFileType = sourcecode.c.objc; path = FDDPUser.m; sourceTree = "<group>"; };
		9925F15F1739DF1E00070080 /* FDDPClient.h */ = {isa = PBXFileReference; fileEncoding = 4; lastKnownFileType = sourcecode.c.h; path = FDDPClient.h; sourceTree = "<group>"; };
		9925F1601739DF1E00070080 /* FDDPClient.m */ = {isa = PBXFileReference; fileEncoding = 4; lastKnownFileType = sourcecode.c.objc; path = FDDPClient.m; sourceTree = "<group>"; };
		9996370D174C574F005FC93C /* FDDPUserInfoViewController.h */ = {isa = PBXFileReference; fileEncoding = 4; lastKnownFileType = sourcecode.c.h; path = FDDPUserInfoViewController.h; sourceTree = "<group>"; };
		9996370E174C574F005FC93C /* FDDPUserInfoViewController.m */ = {isa = PBXFileReference; fileEncoding = 4; lastKnownFileType = sourcecode.c.objc; path = FDDPUserInfoViewController.m; sourceTree = "<group>"; };
		9996370F174C574F005FC93C /* FDDPUserInfoViewController.xib */ = {isa = PBXFileReference; fileEncoding = 4; lastKnownFileType = file.xib; path = FDDPUserInfoViewController.xib; sourceTree = "<group>"; };
		99963712174C57B5005FC93C /* FDDPRegistryViewController.h */ = {isa = PBXFileReference; fileEncoding = 4; lastKnownFileType = sourcecode.c.h; path = FDDPRegistryViewController.h; sourceTree = "<group>"; };
		99963713174C57B5005FC93C /* FDDPRegistryViewController.m */ = {isa = PBXFileReference; fileEncoding = 4; lastKnownFileType = sourcecode.c.objc; path = FDDPRegistryViewController.m; sourceTree = "<group>"; };
		99963714174C57B5005FC93C /* FDDPRegistryViewController.xib */ = {isa = PBXFileReference; fileEncoding = 4; lastKnownFileType = file.xib; path = FDDPRegistryViewController.xib; sourceTree = "<group>"; };
		99A4CF0017473494000FED65 /* FDDPLoginViewController.h */ = {isa = PBXFileReference; fileEncoding = 4; lastKnownFileType = sourcecode.c.h; path = FDDPLoginViewController.h; sourceTree = "<group>"; };
		99A4CF0117473494000FED65 /* FDDPLoginViewController.m */ = {isa = PBXFileReference; fileEncoding = 4; lastKnownFileType = sourcecode.c.objc; path = FDDPLoginViewController.m; sourceTree = "<group>"; };
		99A4CF0217473494000FED65 /* FDDPLoginViewController.xib */ = {isa = PBXFileReference; fileEncoding = 4; lastKnownFileType = file.xib; path = FDDPLoginViewController.xib; sourceTree = "<group>"; };
		99A4CF0517473C41000FED65 /* FDDPAuthenticationManager.h */ = {isa = PBXFileReference; fileEncoding = 4; lastKnownFileType = sourcecode.c.h; path = FDDPAuthenticationManager.h; sourceTree = "<group>"; };
		99A4CF0617473C41000FED65 /* FDDPAuthenticationManager.m */ = {isa = PBXFileReference; fileEncoding = 4; lastKnownFileType = sourcecode.c.objc; path = FDDPAuthenticationManager.m; sourceTree = "<group>"; };
/* End PBXFileReference section */

/* Begin PBXFrameworksBuildPhase section */
		990A7775172DF7D200DB1600 /* Frameworks */ = {
			isa = PBXFrameworksBuildPhase;
			buildActionMask = 2147483647;
			files = (
				990A777C172DF7D200DB1600 /* UIKit.framework in Frameworks */,
				990A777E172DF7D200DB1600 /* Foundation.framework in Frameworks */,
				990A7780172DF7D200DB1600 /* CoreGraphics.framework in Frameworks */,
			);
			runOnlyForDeploymentPostprocessing = 0;
		};
/* End PBXFrameworksBuildPhase section */

/* Begin PBXGroup section */
		429957F417472EB000C36B74 /* Controllers */ = {
			isa = PBXGroup;
			children = (
				99A4CF0517473C41000FED65 /* FDDPAuthenticationManager.h */,
				99A4CF0617473C41000FED65 /* FDDPAuthenticationManager.m */,
				9917D61B1759B67700B6FF1C /* FDDPWebServicesManager.h */,
				9917D61C1759B67700B6FF1C /* FDDPWebServicesManager.m */,
			);
			path = Controllers;
			sourceTree = "<group>";
		};
		429957F517472EB700C36B74 /* ViewControllers */ = {
			isa = PBXGroup;
			children = (
				99A4CF0017473494000FED65 /* FDDPLoginViewController.h */,
				99A4CF0117473494000FED65 /* FDDPLoginViewController.m */,
				99A4CF0217473494000FED65 /* FDDPLoginViewController.xib */,
				99963712174C57B5005FC93C /* FDDPRegistryViewController.h */,
				99963713174C57B5005FC93C /* FDDPRegistryViewController.m */,
				99963714174C57B5005FC93C /* FDDPRegistryViewController.xib */,
				9996370D174C574F005FC93C /* FDDPUserInfoViewController.h */,
				9996370E174C574F005FC93C /* FDDPUserInfoViewController.m */,
				9996370F174C574F005FC93C /* FDDPUserInfoViewController.xib */,
				9921C3BE1756F3B900D0FC02 /* FDDPAdminViewController.h */,
				9921C3BF1756F3B900D0FC02 /* FDDPAdminViewController.m */,
				9921C3C01756F3B900D0FC02 /* FDDPAdminViewController.xib */,
				9921C3C31759A38600D0FC02 /* FDDPOrderViewController.h */,
				9921C3C41759A38600D0FC02 /* FDDPOrderViewController.m */,
				9921C3C51759A38600D0FC02 /* FDDPOrderViewController.xib */,
				9921C3C81759A39F00D0FC02 /* FDDPOrderEditorViewController.h */,
				9921C3C91759A3A000D0FC02 /* FDDPOrderEditorViewController.m */,
				9921C3CA1759A3A000D0FC02 /* FDDPOrderEditorViewController.xib */,
				9921C3CD1759A3C000D0FC02 /* FDDPMealEditorViewController.h */,
				9921C3CE1759A3C000D0FC02 /* FDDPMealEditorViewController.m */,
				9921C3CF1759A3C000D0FC02 /* FDDPMealEditorViewController.xib */,
				9921C3D21759A3E100D0FC02 /* FDDPItemChooserViewController.h */,
				9921C3D31759A3E100D0FC02 /* FDDPItemChooserViewController.m */,
				9921C3D41759A3E100D0FC02 /* FDDPItemChooserViewController.xib */,
				9921C3D71759A42500D0FC02 /* FDDPItemEditorViewController.h */,
				9921C3D81759A42500D0FC02 /* FDDPItemEditorViewController.m */,
				9921C3D91759A42600D0FC02 /* FDDPItemEditorViewController.xib */,
			);
			path = ViewControllers;
			sourceTree = "<group>";
		};
		42F71DC317599AD900D180F4 /* Categories */ = {
			isa = PBXGroup;
			children = (
				42F71DC417599B1300D180F4 /* NSString+FDDPAdditions.h */,
				42F71DC517599B1300D180F4 /* NSString+FDDPAdditions.m */,
			);
			path = Categories;
			sourceTree = "<group>";
		};
		990A776F172DF7D200DB1600 = {
			isa = PBXGroup;
			children = (
				990A7781172DF7D200DB1600 /* FondaDeDonPanchito */,
				990A777A172DF7D200DB1600 /* Frameworks */,
				990A7779172DF7D200DB1600 /* Products */,
			);
			sourceTree = "<group>";
		};
		990A7779172DF7D200DB1600 /* Products */ = {
			isa = PBXGroup;
			children = (
				990A7778172DF7D200DB1600 /* FondaDeDonPanchito.app */,
			);
			name = Products;
			sourceTree = "<group>";
		};
		990A777A172DF7D200DB1600 /* Frameworks */ = {
			isa = PBXGroup;
			children = (
				990A777B172DF7D200DB1600 /* UIKit.framework */,
				990A777D172DF7D200DB1600 /* Foundation.framework */,
				990A777F172DF7D200DB1600 /* CoreGraphics.framework */,
			);
			name = Frameworks;
			sourceTree = "<group>";
		};
		990A7781172DF7D200DB1600 /* FondaDeDonPanchito */ = {
			isa = PBXGroup;
			children = (
				429957F517472EB700C36B74 /* ViewControllers */,
				429957F417472EB000C36B74 /* Controllers */,
				9925F1521739DE7900070080 /* Model */,
				990A778A172DF7D200DB1600 /* FDDPAppDelegate.h */,
				990A778B172DF7D200DB1600 /* FDDPAppDelegate.m */,
				42F71DC317599AD900D180F4 /* Categories */,
				990A7782172DF7D200DB1600 /* Supporting Files */,
			);
			path = FondaDeDonPanchito;
			sourceTree = "<group>";
		};
		990A7782172DF7D200DB1600 /* Supporting Files */ = {
			isa = PBXGroup;
			children = (
				990A7783172DF7D200DB1600 /* FondaDeDonPanchito-Info.plist */,
				990A7784172DF7D200DB1600 /* InfoPlist.strings */,
				990A7787172DF7D200DB1600 /* main.m */,
				990A7789172DF7D200DB1600 /* FondaDeDonPanchito-Prefix.pch */,
				990A778D172DF7D200DB1600 /* Default.png */,
				990A778F172DF7D200DB1600 /* Default@2x.png */,
				990A7791172DF7D200DB1600 /* Default-568h@2x.png */,
			);
			name = "Supporting Files";
			sourceTree = "<group>";
		};
		9925F1521739DE7900070080 /* Model */ = {
			isa = PBXGroup;
			children = (
				9925F1531739DED800070080 /* FDDPItem.h */,
				9925F1541739DED800070080 /* FDDPItem.m */,
				9925F1561739DEEB00070080 /* FDDPMeal.h */,
				9925F1571739DEEB00070080 /* FDDPMeal.m */,
				9925F1591739DEFA00070080 /* FDDPOrder.h */,
				9925F15A1739DEFA00070080 /* FDDPOrder.m */,
				9925F15C1739DF0C00070080 /* FDDPUser.h */,
				9925F15D1739DF0C00070080 /* FDDPUser.m */,
				9925F15F1739DF1E00070080 /* FDDPClient.h */,
				9925F1601739DF1E00070080 /* FDDPClient.m */,
			);
			path = Model;
			sourceTree = "<group>";
		};
/* End PBXGroup section */

/* Begin PBXNativeTarget section */
		990A7777172DF7D200DB1600 /* FondaDeDonPanchito */ = {
			isa = PBXNativeTarget;
			buildConfigurationList = 990A7795172DF7D200DB1600 /* Build configuration list for PBXNativeTarget "FondaDeDonPanchito" */;
			buildPhases = (
				990A7774172DF7D200DB1600 /* Sources */,
				990A7775172DF7D200DB1600 /* Frameworks */,
				990A7776172DF7D200DB1600 /* Resources */,
			);
			buildRules = (
			);
			dependencies = (
			);
			name = FondaDeDonPanchito;
			productName = FondaDeDonPanchito;
			productReference = 990A7778172DF7D200DB1600 /* FondaDeDonPanchito.app */;
			productType = "com.apple.product-type.application";
		};
/* End PBXNativeTarget section */

/* Begin PBXProject section */
		990A7770172DF7D200DB1600 /* Project object */ = {
			isa = PBXProject;
			attributes = {
				CLASSPREFIX = FDDP;
				LastUpgradeCheck = 0460;
				ORGANIZATIONNAME = "Omar Gudino";
			};
			buildConfigurationList = 990A7773172DF7D200DB1600 /* Build configuration list for PBXProject "FondaDeDonPanchito" */;
			compatibilityVersion = "Xcode 3.2";
			developmentRegion = English;
			hasScannedForEncodings = 0;
			knownRegions = (
				en,
			);
			mainGroup = 990A776F172DF7D200DB1600;
			productRefGroup = 990A7779172DF7D200DB1600 /* Products */;
			projectDirPath = "";
			projectRoot = "";
			targets = (
				990A7777172DF7D200DB1600 /* FondaDeDonPanchito */,
			);
		};
/* End PBXProject section */

/* Begin PBXResourcesBuildPhase section */
		990A7776172DF7D200DB1600 /* Resources */ = {
			isa = PBXResourcesBuildPhase;
			buildActionMask = 2147483647;
			files = (
				990A7786172DF7D200DB1600 /* InfoPlist.strings in Resources */,
				990A778E172DF7D200DB1600 /* Default.png in Resources */,
				990A7790172DF7D200DB1600 /* Default@2x.png in Resources */,
				990A7792172DF7D200DB1600 /* Default-568h@2x.png in Resources */,
				99A4CF0417473494000FED65 /* FDDPLoginViewController.xib in Resources */,
				99963711174C5750005FC93C /* FDDPUserInfoViewController.xib in Resources */,
				99963716174C57B5005FC93C /* FDDPRegistryViewController.xib in Resources */,
				9921C3C21756F3B900D0FC02 /* FDDPAdminViewController.xib in Resources */,
				9921C3C71759A38600D0FC02 /* FDDPOrderViewController.xib in Resources */,
				9921C3CC1759A3A000D0FC02 /* FDDPOrderEditorViewController.xib in Resources */,
				9921C3D11759A3C000D0FC02 /* FDDPMealEditorViewController.xib in Resources */,
				9921C3D61759A3E100D0FC02 /* FDDPItemChooserViewController.xib in Resources */,
				9921C3DB1759A42600D0FC02 /* FDDPItemEditorViewController.xib in Resources */,
			);
			runOnlyForDeploymentPostprocessing = 0;
		};
/* End PBXResourcesBuildPhase section */

/* Begin PBXSourcesBuildPhase section */
		990A7774172DF7D200DB1600 /* Sources */ = {
			isa = PBXSourcesBuildPhase;
			buildActionMask = 2147483647;
			files = (
				990A7788172DF7D200DB1600 /* main.m in Sources */,
				990A778C172DF7D200DB1600 /* FDDPAppDelegate.m in Sources */,
				9925F1551739DED800070080 /* FDDPItem.m in Sources */,
				9925F1581739DEEB00070080 /* FDDPMeal.m in Sources */,
				9925F15B1739DEFA00070080 /* FDDPOrder.m in Sources */,
				9925F15E1739DF0C00070080 /* FDDPUser.m in Sources */,
				9925F1611739DF1E00070080 /* FDDPClient.m in Sources */,
				99A4CF0317473494000FED65 /* FDDPLoginViewController.m in Sources */,
				99A4CF0717473C41000FED65 /* FDDPAuthenticationManager.m in Sources */,
				99963710174C5750005FC93C /* FDDPUserInfoViewController.m in Sources */,
				99963715174C57B5005FC93C /* FDDPRegistryViewController.m in Sources */,
				9921C3C11756F3B900D0FC02 /* FDDPAdminViewController.m in Sources */,
				42F71DC617599B1300D180F4 /* NSString+FDDPAdditions.m in Sources */,
				9921C3C61759A38600D0FC02 /* FDDPOrderViewController.m in Sources */,
				9921C3CB1759A3A000D0FC02 /* FDDPOrderEditorViewController.m in Sources */,
				9921C3D01759A3C000D0FC02 /* FDDPMealEditorViewController.m in Sources */,
				9921C3D51759A3E100D0FC02 /* FDDPItemChooserViewController.m in Sources */,
				9921C3DA1759A42600D0FC02 /* FDDPItemEditorViewController.m in Sources */,
				9917D61D1759B67700B6FF1C /* FDDPWebServicesManager.m in Sources */,
			);
			runOnlyForDeploymentPostprocessing = 0;
		};
/* End PBXSourcesBuildPhase section */

/* Begin PBXVariantGroup section */
		990A7784172DF7D200DB1600 /* InfoPlist.strings */ = {
			isa = PBXVariantGroup;
			children = (
				990A7785172DF7D200DB1600 /* en */,
			);
			name = InfoPlist.strings;
			sourceTree = "<group>";
		};
/* End PBXVariantGroup section */

/* Begin XCBuildConfiguration section */
		990A7793172DF7D200DB1600 /* Debug */ = {
			isa = XCBuildConfiguration;
			buildSettings = {
				ALWAYS_SEARCH_USER_PATHS = NO;
				CLANG_CXX_LANGUAGE_STANDARD = "gnu++0x";
				CLANG_CXX_LIBRARY = "libc++";
				CLANG_ENABLE_OBJC_ARC = YES;
				CLANG_WARN_CONSTANT_CONVERSION = YES;
				CLANG_WARN_EMPTY_BODY = YES;
				CLANG_WARN_ENUM_CONVERSION = YES;
				CLANG_WARN_INT_CONVERSION = YES;
				CLANG_WARN__DUPLICATE_METHOD_MATCH = YES;
				"CODE_SIGN_IDENTITY[sdk=iphoneos*]" = "iPhone Developer";
				COPY_PHASE_STRIP = NO;
				GCC_C_LANGUAGE_STANDARD = gnu99;
				GCC_DYNAMIC_NO_PIC = NO;
				GCC_OPTIMIZATION_LEVEL = 0;
				GCC_PREPROCESSOR_DEFINITIONS = (
					"DEBUG=1",
					"$(inherited)",
				);
				GCC_SYMBOLS_PRIVATE_EXTERN = NO;
				GCC_WARN_ABOUT_RETURN_TYPE = YES;
				GCC_WARN_UNINITIALIZED_AUTOS = YES;
				GCC_WARN_UNUSED_VARIABLE = YES;
				IPHONEOS_DEPLOYMENT_TARGET = 6.1;
				ONLY_ACTIVE_ARCH = YES;
				SDKROOT = iphoneos;
			};
			name = Debug;
		};
		990A7794172DF7D200DB1600 /* Release */ = {
			isa = XCBuildConfiguration;
			buildSettings = {
				ALWAYS_SEARCH_USER_PATHS = NO;
				CLANG_CXX_LANGUAGE_STANDARD = "gnu++0x";
				CLANG_CXX_LIBRARY = "libc++";
				CLANG_ENABLE_OBJC_ARC = YES;
				CLANG_WARN_CONSTANT_CONVERSION = YES;
				CLANG_WARN_EMPTY_BODY = YES;
				CLANG_WARN_ENUM_CONVERSION = YES;
				CLANG_WARN_INT_CONVERSION = YES;
				CLANG_WARN__DUPLICATE_METHOD_MATCH = YES;
				"CODE_SIGN_IDENTITY[sdk=iphoneos*]" = "iPhone Developer";
				COPY_PHASE_STRIP = YES;
				GCC_C_LANGUAGE_STANDARD = gnu99;
				GCC_WARN_ABOUT_RETURN_TYPE = YES;
				GCC_WARN_UNINITIALIZED_AUTOS = YES;
				GCC_WARN_UNUSED_VARIABLE = YES;
				IPHONEOS_DEPLOYMENT_TARGET = 6.1;
				OTHER_CFLAGS = "-DNS_BLOCK_ASSERTIONS=1";
				SDKROOT = iphoneos;
				VALIDATE_PRODUCT = YES;
			};
			name = Release;
		};
		990A7796172DF7D200DB1600 /* Debug */ = {
			isa = XCBuildConfiguration;
			buildSettings = {
				GCC_PRECOMPILE_PREFIX_HEADER = YES;
				GCC_PREFIX_HEADER = "FondaDeDonPanchito/FondaDeDonPanchito-Prefix.pch";
				INFOPLIST_FILE = "FondaDeDonPanchito/FondaDeDonPanchito-Info.plist";
				PRODUCT_NAME = "$(TARGET_NAME)";
				WRAPPER_EXTENSION = app;
			};
			name = Debug;
		};
		990A7797172DF7D200DB1600 /* Release */ = {
			isa = XCBuildConfiguration;
			buildSettings = {
				GCC_PRECOMPILE_PREFIX_HEADER = YES;
				GCC_PREFIX_HEADER = "FondaDeDonPanchito/FondaDeDonPanchito-Prefix.pch";
				INFOPLIST_FILE = "FondaDeDonPanchito/FondaDeDonPanchito-Info.plist";
				PRODUCT_NAME = "$(TARGET_NAME)";
				WRAPPER_EXTENSION = app;
			};
			name = Release;
		};
/* End XCBuildConfiguration section */

/* Begin XCConfigurationList section */
		990A7773172DF7D200DB1600 /* Build configuration list for PBXProject "FondaDeDonPanchito" */ = {
			isa = XCConfigurationList;
			buildConfigurations = (
				990A7793172DF7D200DB1600 /* Debug */,
				990A7794172DF7D200DB1600 /* Release */,
			);
			defaultConfigurationIsVisible = 0;
			defaultConfigurationName = Release;
		};
		990A7795172DF7D200DB1600 /* Build configuration list for PBXNativeTarget "FondaDeDonPanchito" */ = {
			isa = XCConfigurationList;
			buildConfigurations = (
				990A7796172DF7D200DB1600 /* Debug */,
				990A7797172DF7D200DB1600 /* Release */,
			);
			defaultConfigurationIsVisible = 0;
			defaultConfigurationName = Release;
		};
/* End XCConfigurationList section */
	};
	rootObject = 990A7770172DF7D200DB1600 /* Project object */;
}
